// !$*UTF8*$!
{
	archiveVersion = 1;
	classes = {
	};
	objectVersion = 56;
	objects = {

/* Begin PBXBuildFile section */
		EB03FDC32943C82E00CF34CE /* URLSessionHTTPClient.swift in Sources */ = {isa = PBXBuildFile; fileRef = EB03FDC12943C82E00CF34CE /* URLSessionHTTPClient.swift */; };
		EB03FDC42943C82E00CF34CE /* HTTPClient.swift in Sources */ = {isa = PBXBuildFile; fileRef = EB03FDC22943C82E00CF34CE /* HTTPClient.swift */; };
		EB03FDC62943C84300CF34CE /* CatListView.swift in Sources */ = {isa = PBXBuildFile; fileRef = EB03FDC52943C84300CF34CE /* CatListView.swift */; };
		EB05F86E2943C50900EDCE8E /* Show_Me_CatsApp.swift in Sources */ = {isa = PBXBuildFile; fileRef = EB05F86D2943C50900EDCE8E /* Show_Me_CatsApp.swift */; };
		EB05F8702943C50900EDCE8E /* ContentView.swift in Sources */ = {isa = PBXBuildFile; fileRef = EB05F86F2943C50900EDCE8E /* ContentView.swift */; };
		EB05F8722943C50A00EDCE8E /* Assets.xcassets in Resources */ = {isa = PBXBuildFile; fileRef = EB05F8712943C50A00EDCE8E /* Assets.xcassets */; };
		EB05F8752943C50A00EDCE8E /* Preview Assets.xcassets in Resources */ = {isa = PBXBuildFile; fileRef = EB05F8742943C50A00EDCE8E /* Preview Assets.xcassets */; };
		EB05F87F2943C50A00EDCE8E /* Show_Me_CatsTests.swift in Sources */ = {isa = PBXBuildFile; fileRef = EB05F87E2943C50A00EDCE8E /* Show_Me_CatsTests.swift */; };
		EB05F8892943C50A00EDCE8E /* Show_Me_CatsUITests.swift in Sources */ = {isa = PBXBuildFile; fileRef = EB05F8882943C50A00EDCE8E /* Show_Me_CatsUITests.swift */; };
		EB05F88B2943C50A00EDCE8E /* Show_Me_CatsUITestsLaunchTests.swift in Sources */ = {isa = PBXBuildFile; fileRef = EB05F88A2943C50A00EDCE8E /* Show_Me_CatsUITestsLaunchTests.swift */; };
/* End PBXBuildFile section */

/* Begin PBXContainerItemProxy section */
		EB05F87B2943C50A00EDCE8E /* PBXContainerItemProxy */ = {
			isa = PBXContainerItemProxy;
			containerPortal = EB05F8622943C50900EDCE8E /* Project object */;
			proxyType = 1;
			remoteGlobalIDString = EB05F8692943C50900EDCE8E;
			remoteInfo = "Show Me Cats";
		};
		EB05F8852943C50A00EDCE8E /* PBXContainerItemProxy */ = {
			isa = PBXContainerItemProxy;
			containerPortal = EB05F8622943C50900EDCE8E /* Project object */;
			proxyType = 1;
			remoteGlobalIDString = EB05F8692943C50900EDCE8E;
			remoteInfo = "Show Me Cats";
		};
/* End PBXContainerItemProxy section */

/* Begin PBXFileReference section */
		EB03FDC12943C82E00CF34CE /* URLSessionHTTPClient.swift */ = {isa = PBXFileReference; fileEncoding = 4; lastKnownFileType = sourcecode.swift; path = URLSessionHTTPClient.swift; sourceTree = "<group>"; };
		EB03FDC22943C82E00CF34CE /* HTTPClient.swift */ = {isa = PBXFileReference; fileEncoding = 4; lastKnownFileType = sourcecode.swift; path = HTTPClient.swift; sourceTree = "<group>"; };
		EB03FDC52943C84300CF34CE /* CatListView.swift */ = {isa = PBXFileReference; fileEncoding = 4; lastKnownFileType = sourcecode.swift; path = CatListView.swift; sourceTree = "<group>"; };
		EB05F86A2943C50900EDCE8E /* Show Me Cats.app */ = {isa = PBXFileReference; explicitFileType = wrapper.application; includeInIndex = 0; path = "Show Me Cats.app"; sourceTree = BUILT_PRODUCTS_DIR; };
		EB05F86D2943C50900EDCE8E /* Show_Me_CatsApp.swift */ = {isa = PBXFileReference; lastKnownFileType = sourcecode.swift; path = Show_Me_CatsApp.swift; sourceTree = "<group>"; };
		EB05F86F2943C50900EDCE8E /* ContentView.swift */ = {isa = PBXFileReference; lastKnownFileType = sourcecode.swift; path = ContentView.swift; sourceTree = "<group>"; };
		EB05F8712943C50A00EDCE8E /* Assets.xcassets */ = {isa = PBXFileReference; lastKnownFileType = folder.assetcatalog; path = Assets.xcassets; sourceTree = "<group>"; };
		EB05F8742943C50A00EDCE8E /* Preview Assets.xcassets */ = {isa = PBXFileReference; lastKnownFileType = folder.assetcatalog; path = "Preview Assets.xcassets"; sourceTree = "<group>"; };
		EB05F87A2943C50A00EDCE8E /* Show Me CatsTests.xctest */ = {isa = PBXFileReference; explicitFileType = wrapper.cfbundle; includeInIndex = 0; path = "Show Me CatsTests.xctest"; sourceTree = BUILT_PRODUCTS_DIR; };
		EB05F87E2943C50A00EDCE8E /* Show_Me_CatsTests.swift */ = {isa = PBXFileReference; lastKnownFileType = sourcecode.swift; path = Show_Me_CatsTests.swift; sourceTree = "<group>"; };
		EB05F8842943C50A00EDCE8E /* Show Me CatsUITests.xctest */ = {isa = PBXFileReference; explicitFileType = wrapper.cfbundle; includeInIndex = 0; path = "Show Me CatsUITests.xctest"; sourceTree = BUILT_PRODUCTS_DIR; };
		EB05F8882943C50A00EDCE8E /* Show_Me_CatsUITests.swift */ = {isa = PBXFileReference; lastKnownFileType = sourcecode.swift; path = Show_Me_CatsUITests.swift; sourceTree = "<group>"; };
		EB05F88A2943C50A00EDCE8E /* Show_Me_CatsUITestsLaunchTests.swift */ = {isa = PBXFileReference; lastKnownFileType = sourcecode.swift; path = Show_Me_CatsUITestsLaunchTests.swift; sourceTree = "<group>"; };
		EB96357D294A7A18008CC6E4 /* Show-Me-Cats-Info.plist */ = {isa = PBXFileReference; lastKnownFileType = text.plist; path = "Show-Me-Cats-Info.plist"; sourceTree = SOURCE_ROOT; };
/* End PBXFileReference section */

/* Begin PBXFrameworksBuildPhase section */
		EB05F8672943C50900EDCE8E /* Frameworks */ = {
			isa = PBXFrameworksBuildPhase;
			buildActionMask = 2147483647;
			files = (
			);
			runOnlyForDeploymentPostprocessing = 0;
		};
		EB05F8772943C50A00EDCE8E /* Frameworks */ = {
			isa = PBXFrameworksBuildPhase;
			buildActionMask = 2147483647;
			files = (
			);
			runOnlyForDeploymentPostprocessing = 0;
		};
		EB05F8812943C50A00EDCE8E /* Frameworks */ = {
			isa = PBXFrameworksBuildPhase;
			buildActionMask = 2147483647;
			files = (
			);
			runOnlyForDeploymentPostprocessing = 0;
		};
/* End PBXFrameworksBuildPhase section */

/* Begin PBXGroup section */
		EB03FDC02943C82E00CF34CE /* Networking */ = {
			isa = PBXGroup;
			children = (
				EB03FDC12943C82E00CF34CE /* URLSessionHTTPClient.swift */,
				EB03FDC22943C82E00CF34CE /* HTTPClient.swift */,
			);
			path = Networking;
			sourceTree = "<group>";
		};
		EB05F8612943C50900EDCE8E = {
			isa = PBXGroup;
			children = (
				EB05F86C2943C50900EDCE8E /* Show Me Cats */,
				EB05F87D2943C50A00EDCE8E /* Show Me CatsTests */,
				EB05F8872943C50A00EDCE8E /* Show Me CatsUITests */,
				EB05F86B2943C50900EDCE8E /* Products */,
			);
			sourceTree = "<group>";
		};
		EB05F86B2943C50900EDCE8E /* Products */ = {
			isa = PBXGroup;
			children = (
				EB05F86A2943C50900EDCE8E /* Show Me Cats.app */,
				EB05F87A2943C50A00EDCE8E /* Show Me CatsTests.xctest */,
				EB05F8842943C50A00EDCE8E /* Show Me CatsUITests.xctest */,
			);
			name = Products;
			sourceTree = "<group>";
		};
		EB05F86C2943C50900EDCE8E /* Show Me Cats */ = {
			isa = PBXGroup;
			children = (
				EB96357D294A7A18008CC6E4 /* Show-Me-Cats-Info.plist */,
				EB03FDC02943C82E00CF34CE /* Networking */,
				EB05F86D2943C50900EDCE8E /* Show_Me_CatsApp.swift */,
				EB03FDC52943C84300CF34CE /* CatListView.swift */,
				EB05F86F2943C50900EDCE8E /* ContentView.swift */,
				EB05F8712943C50A00EDCE8E /* Assets.xcassets */,
				EB05F8732943C50A00EDCE8E /* Preview Content */,
			);
			path = "Show Me Cats";
			sourceTree = "<group>";
		};
		EB05F8732943C50A00EDCE8E /* Preview Content */ = {
			isa = PBXGroup;
			children = (
				EB05F8742943C50A00EDCE8E /* Preview Assets.xcassets */,
			);
			path = "Preview Content";
			sourceTree = "<group>";
		};
		EB05F87D2943C50A00EDCE8E /* Show Me CatsTests */ = {
			isa = PBXGroup;
			children = (
				EB05F87E2943C50A00EDCE8E /* Show_Me_CatsTests.swift */,
			);
			path = "Show Me CatsTests";
			sourceTree = "<group>";
		};
		EB05F8872943C50A00EDCE8E /* Show Me CatsUITests */ = {
			isa = PBXGroup;
			children = (
				EB05F8882943C50A00EDCE8E /* Show_Me_CatsUITests.swift */,
				EB05F88A2943C50A00EDCE8E /* Show_Me_CatsUITestsLaunchTests.swift */,
			);
			path = "Show Me CatsUITests";
			sourceTree = "<group>";
		};
/* End PBXGroup section */

/* Begin PBXNativeTarget section */
		EB05F8692943C50900EDCE8E /* Show Me Cats */ = {
			isa = PBXNativeTarget;
			buildConfigurationList = EB05F88E2943C50A00EDCE8E /* Build configuration list for PBXNativeTarget "Show Me Cats" */;
			buildPhases = (
				EB05F8662943C50900EDCE8E /* Sources */,
				EB05F8672943C50900EDCE8E /* Frameworks */,
				EB05F8682943C50900EDCE8E /* Resources */,
			);
			buildRules = (
			);
			dependencies = (
			);
			name = "Show Me Cats";
			productName = "Show Me Cats";
			productReference = EB05F86A2943C50900EDCE8E /* Show Me Cats.app */;
			productType = "com.apple.product-type.application";
		};
		EB05F8792943C50A00EDCE8E /* Show Me CatsTests */ = {
			isa = PBXNativeTarget;
			buildConfigurationList = EB05F8912943C50A00EDCE8E /* Build configuration list for PBXNativeTarget "Show Me CatsTests" */;
			buildPhases = (
				EB05F8762943C50A00EDCE8E /* Sources */,
				EB05F8772943C50A00EDCE8E /* Frameworks */,
				EB05F8782943C50A00EDCE8E /* Resources */,
			);
			buildRules = (
			);
			dependencies = (
				EB05F87C2943C50A00EDCE8E /* PBXTargetDependency */,
			);
			name = "Show Me CatsTests";
			productName = "Show Me CatsTests";
			productReference = EB05F87A2943C50A00EDCE8E /* Show Me CatsTests.xctest */;
			productType = "com.apple.product-type.bundle.unit-test";
		};
		EB05F8832943C50A00EDCE8E /* Show Me CatsUITests */ = {
			isa = PBXNativeTarget;
			buildConfigurationList = EB05F8942943C50A00EDCE8E /* Build configuration list for PBXNativeTarget "Show Me CatsUITests" */;
			buildPhases = (
				EB05F8802943C50A00EDCE8E /* Sources */,
				EB05F8812943C50A00EDCE8E /* Frameworks */,
				EB05F8822943C50A00EDCE8E /* Resources */,
			);
			buildRules = (
			);
			dependencies = (
				EB05F8862943C50A00EDCE8E /* PBXTargetDependency */,
			);
			name = "Show Me CatsUITests";
			productName = "Show Me CatsUITests";
			productReference = EB05F8842943C50A00EDCE8E /* Show Me CatsUITests.xctest */;
			productType = "com.apple.product-type.bundle.ui-testing";
		};
/* End PBXNativeTarget section */

/* Begin PBXProject section */
		EB05F8622943C50900EDCE8E /* Project object */ = {
			isa = PBXProject;
			attributes = {
				BuildIndependentTargetsInParallel = 1;
				LastSwiftUpdateCheck = 1410;
				LastUpgradeCheck = 1410;
				TargetAttributes = {
					EB05F8692943C50900EDCE8E = {
						CreatedOnToolsVersion = 14.1;
					};
					EB05F8792943C50A00EDCE8E = {
						CreatedOnToolsVersion = 14.1;
						TestTargetID = EB05F8692943C50900EDCE8E;
					};
					EB05F8832943C50A00EDCE8E = {
						CreatedOnToolsVersion = 14.1;
						TestTargetID = EB05F8692943C50900EDCE8E;
					};
				};
			};
			buildConfigurationList = EB05F8652943C50900EDCE8E /* Build configuration list for PBXProject "Show Me Cats" */;
			compatibilityVersion = "Xcode 14.0";
			developmentRegion = en;
			hasScannedForEncodings = 0;
			knownRegions = (
				en,
				Base,
			);
			mainGroup = EB05F8612943C50900EDCE8E;
			productRefGroup = EB05F86B2943C50900EDCE8E /* Products */;
			projectDirPath = "";
			projectRoot = "";
			targets = (
				EB05F8692943C50900EDCE8E /* Show Me Cats */,
				EB05F8792943C50A00EDCE8E /* Show Me CatsTests */,
				EB05F8832943C50A00EDCE8E /* Show Me CatsUITests */,
			);
		};
/* End PBXProject section */

/* Begin PBXResourcesBuildPhase section */
		EB05F8682943C50900EDCE8E /* Resources */ = {
			isa = PBXResourcesBuildPhase;
			buildActionMask = 2147483647;
			files = (
				EB05F8752943C50A00EDCE8E /* Preview Assets.xcassets in Resources */,
				EB05F8722943C50A00EDCE8E /* Assets.xcassets in Resources */,
			);
			runOnlyForDeploymentPostprocessing = 0;
		};
		EB05F8782943C50A00EDCE8E /* Resources */ = {
			isa = PBXResourcesBuildPhase;
			buildActionMask = 2147483647;
			files = (
			);
			runOnlyForDeploymentPostprocessing = 0;
		};
		EB05F8822943C50A00EDCE8E /* Resources */ = {
			isa = PBXResourcesBuildPhase;
			buildActionMask = 2147483647;
			files = (
			);
			runOnlyForDeploymentPostprocessing = 0;
		};
/* End PBXResourcesBuildPhase section */

/* Begin PBXSourcesBuildPhase section */
		EB05F8662943C50900EDCE8E /* Sources */ = {
			isa = PBXSourcesBuildPhase;
			buildActionMask = 2147483647;
			files = (
				EB05F8702943C50900EDCE8E /* ContentView.swift in Sources */,
				EB03FDC62943C84300CF34CE /* CatListView.swift in Sources */,
				EB05F86E2943C50900EDCE8E /* Show_Me_CatsApp.swift in Sources */,
				EB03FDC42943C82E00CF34CE /* HTTPClient.swift in Sources */,
				EB03FDC32943C82E00CF34CE /* URLSessionHTTPClient.swift in Sources */,
			);
			runOnlyForDeploymentPostprocessing = 0;
		};
		EB05F8762943C50A00EDCE8E /* Sources */ = {
			isa = PBXSourcesBuildPhase;
			buildActionMask = 2147483647;
			files = (
				EB05F87F2943C50A00EDCE8E /* Show_Me_CatsTests.swift in Sources */,
			);
			runOnlyForDeploymentPostprocessing = 0;
		};
		EB05F8802943C50A00EDCE8E /* Sources */ = {
			isa = PBXSourcesBuildPhase;
			buildActionMask = 2147483647;
			files = (
				EB05F88B2943C50A00EDCE8E /* Show_Me_CatsUITestsLaunchTests.swift in Sources */,
				EB05F8892943C50A00EDCE8E /* Show_Me_CatsUITests.swift in Sources */,
			);
			runOnlyForDeploymentPostprocessing = 0;
		};
/* End PBXSourcesBuildPhase section */

/* Begin PBXTargetDependency section */
		EB05F87C2943C50A00EDCE8E /* PBXTargetDependency */ = {
			isa = PBXTargetDependency;
			target = EB05F8692943C50900EDCE8E /* Show Me Cats */;
			targetProxy = EB05F87B2943C50A00EDCE8E /* PBXContainerItemProxy */;
		};
		EB05F8862943C50A00EDCE8E /* PBXTargetDependency */ = {
			isa = PBXTargetDependency;
			target = EB05F8692943C50900EDCE8E /* Show Me Cats */;
			targetProxy = EB05F8852943C50A00EDCE8E /* PBXContainerItemProxy */;
		};
/* End PBXTargetDependency section */

/* Begin XCBuildConfiguration section */
		EB05F88C2943C50A00EDCE8E /* Debug */ = {
			isa = XCBuildConfiguration;
			buildSettings = {
				ALWAYS_SEARCH_USER_PATHS = NO;
				CLANG_ANALYZER_NONNULL = YES;
				CLANG_ANALYZER_NUMBER_OBJECT_CONVERSION = YES_AGGRESSIVE;
				CLANG_CXX_LANGUAGE_STANDARD = "gnu++20";
				CLANG_ENABLE_MODULES = YES;
				CLANG_ENABLE_OBJC_ARC = YES;
				CLANG_ENABLE_OBJC_WEAK = YES;
				CLANG_WARN_BLOCK_CAPTURE_AUTORELEASING = YES;
				CLANG_WARN_BOOL_CONVERSION = YES;
				CLANG_WARN_COMMA = YES;
				CLANG_WARN_CONSTANT_CONVERSION = YES;
				CLANG_WARN_DEPRECATED_OBJC_IMPLEMENTATIONS = YES;
				CLANG_WARN_DIRECT_OBJC_ISA_USAGE = YES_ERROR;
				CLANG_WARN_DOCUMENTATION_COMMENTS = YES;
				CLANG_WARN_EMPTY_BODY = YES;
				CLANG_WARN_ENUM_CONVERSION = YES;
				CLANG_WARN_INFINITE_RECURSION = YES;
				CLANG_WARN_INT_CONVERSION = YES;
				CLANG_WARN_NON_LITERAL_NULL_CONVERSION = YES;
				CLANG_WARN_OBJC_IMPLICIT_RETAIN_SELF = YES;
				CLANG_WARN_OBJC_LITERAL_CONVERSION = YES;
				CLANG_WARN_OBJC_ROOT_CLASS = YES_ERROR;
				CLANG_WARN_QUOTED_INCLUDE_IN_FRAMEWORK_HEADER = YES;
				CLANG_WARN_RANGE_LOOP_ANALYSIS = YES;
				CLANG_WARN_STRICT_PROTOTYPES = YES;
				CLANG_WARN_SUSPICIOUS_MOVE = YES;
				CLANG_WARN_UNGUARDED_AVAILABILITY = YES_AGGRESSIVE;
				CLANG_WARN_UNREACHABLE_CODE = YES;
				CLANG_WARN__DUPLICATE_METHOD_MATCH = YES;
				COPY_PHASE_STRIP = NO;
				DEBUG_INFORMATION_FORMAT = dwarf;
				ENABLE_STRICT_OBJC_MSGSEND = YES;
				ENABLE_TESTABILITY = YES;
				GCC_C_LANGUAGE_STANDARD = gnu11;
				GCC_DYNAMIC_NO_PIC = NO;
				GCC_NO_COMMON_BLOCKS = YES;
				GCC_OPTIMIZATION_LEVEL = 0;
				GCC_PREPROCESSOR_DEFINITIONS = (
					"DEBUG=1",
					"$(inherited)",
				);
				GCC_WARN_64_TO_32_BIT_CONVERSION = YES;
				GCC_WARN_ABOUT_RETURN_TYPE = YES_ERROR;
				GCC_WARN_UNDECLARED_SELECTOR = YES;
				GCC_WARN_UNINITIALIZED_AUTOS = YES_AGGRESSIVE;
				GCC_WARN_UNUSED_FUNCTION = YES;
				GCC_WARN_UNUSED_VARIABLE = YES;
				IPHONEOS_DEPLOYMENT_TARGET = 16.1;
				MTL_ENABLE_DEBUG_INFO = INCLUDE_SOURCE;
				MTL_FAST_MATH = YES;
				ONLY_ACTIVE_ARCH = YES;
				SDKROOT = iphoneos;
				SWIFT_ACTIVE_COMPILATION_CONDITIONS = DEBUG;
				SWIFT_OPTIMIZATION_LEVEL = "-Onone";
			};
			name = Debug;
		};
		EB05F88D2943C50A00EDCE8E /* Release */ = {
			isa = XCBuildConfiguration;
			buildSettings = {
				ALWAYS_SEARCH_USER_PATHS = NO;
				CLANG_ANALYZER_NONNULL = YES;
				CLANG_ANALYZER_NUMBER_OBJECT_CONVERSION = YES_AGGRESSIVE;
				CLANG_CXX_LANGUAGE_STANDARD = "gnu++20";
				CLANG_ENABLE_MODULES = YES;
				CLANG_ENABLE_OBJC_ARC = YES;
				CLANG_ENABLE_OBJC_WEAK = YES;
				CLANG_WARN_BLOCK_CAPTURE_AUTORELEASING = YES;
				CLANG_WARN_BOOL_CONVERSION = YES;
				CLANG_WARN_COMMA = YES;
				CLANG_WARN_CONSTANT_CONVERSION = YES;
				CLANG_WARN_DEPRECATED_OBJC_IMPLEMENTATIONS = YES;
				CLANG_WARN_DIRECT_OBJC_ISA_USAGE = YES_ERROR;
				CLANG_WARN_DOCUMENTATION_COMMENTS = YES;
				CLANG_WARN_EMPTY_BODY = YES;
				CLANG_WARN_ENUM_CONVERSION = YES;
				CLANG_WARN_INFINITE_RECURSION = YES;
				CLANG_WARN_INT_CONVERSION = YES;
				CLANG_WARN_NON_LITERAL_NULL_CONVERSION = YES;
				CLANG_WARN_OBJC_IMPLICIT_RETAIN_SELF = YES;
				CLANG_WARN_OBJC_LITERAL_CONVERSION = YES;
				CLANG_WARN_OBJC_ROOT_CLASS = YES_ERROR;
				CLANG_WARN_QUOTED_INCLUDE_IN_FRAMEWORK_HEADER = YES;
				CLANG_WARN_RANGE_LOOP_ANALYSIS = YES;
				CLANG_WARN_STRICT_PROTOTYPES = YES;
				CLANG_WARN_SUSPICIOUS_MOVE = YES;
				CLANG_WARN_UNGUARDED_AVAILABILITY = YES_AGGRESSIVE;
				CLANG_WARN_UNREACHABLE_CODE = YES;
				CLANG_WARN__DUPLICATE_METHOD_MATCH = YES;
				COPY_PHASE_STRIP = NO;
				DEBUG_INFORMATION_FORMAT = "dwarf-with-dsym";
				ENABLE_NS_ASSERTIONS = NO;
				ENABLE_STRICT_OBJC_MSGSEND = YES;
				GCC_C_LANGUAGE_STANDARD = gnu11;
				GCC_NO_COMMON_BLOCKS = YES;
				GCC_WARN_64_TO_32_BIT_CONVERSION = YES;
				GCC_WARN_ABOUT_RETURN_TYPE = YES_ERROR;
				GCC_WARN_UNDECLARED_SELECTOR = YES;
				GCC_WARN_UNINITIALIZED_AUTOS = YES_AGGRESSIVE;
				GCC_WARN_UNUSED_FUNCTION = YES;
				GCC_WARN_UNUSED_VARIABLE = YES;
				IPHONEOS_DEPLOYMENT_TARGET = 16.1;
				MTL_ENABLE_DEBUG_INFO = NO;
				MTL_FAST_MATH = YES;
				SDKROOT = iphoneos;
				SWIFT_COMPILATION_MODE = wholemodule;
				SWIFT_OPTIMIZATION_LEVEL = "-O";
				VALIDATE_PRODUCT = YES;
			};
			name = Release;
		};
		EB05F88F2943C50A00EDCE8E /* Debug */ = {
			isa = XCBuildConfiguration;
			buildSettings = {
				ASSETCATALOG_COMPILER_APPICON_NAME = AppIcon;
				ASSETCATALOG_COMPILER_GLOBAL_ACCENT_COLOR_NAME = AccentColor;
				CODE_SIGN_STYLE = Automatic;
				CURRENT_PROJECT_VERSION = 4;
				DEVELOPMENT_ASSET_PATHS = "\"Show Me Cats/Preview Content\"";
				DEVELOPMENT_TEAM = 7HSL2KF3FX;
				ENABLE_PREVIEWS = YES;
				GENERATE_INFOPLIST_FILE = YES;
				INFOPLIST_FILE = "Show-Me-Cats-Info.plist";
				INFOPLIST_KEY_UIApplicationSceneManifest_Generation = YES;
				INFOPLIST_KEY_UIApplicationSupportsIndirectInputEvents = YES;
				INFOPLIST_KEY_UILaunchScreen_Generation = YES;
				INFOPLIST_KEY_UISupportedInterfaceOrientations_iPad = "UIInterfaceOrientationPortrait UIInterfaceOrientationPortraitUpsideDown UIInterfaceOrientationLandscapeLeft UIInterfaceOrientationLandscapeRight";
				INFOPLIST_KEY_UISupportedInterfaceOrientations_iPhone = "UIInterfaceOrientationPortrait UIInterfaceOrientationLandscapeLeft UIInterfaceOrientationLandscapeRight";
				LD_RUNPATH_SEARCH_PATHS = (
					"$(inherited)",
					"@executable_path/Frameworks",
				);
				MARKETING_VERSION = 1.0;
				PRODUCT_BUNDLE_IDENTIFIER = "com.JasonStelzel.Show-Me-Cats";
				PRODUCT_NAME = "$(TARGET_NAME)";
				SWIFT_EMIT_LOC_STRINGS = YES;
				SWIFT_VERSION = 5.0;
				TARGETED_DEVICE_FAMILY = "1,2";
			};
			name = Debug;
		};
		EB05F8902943C50A00EDCE8E /* Release */ = {
			isa = XCBuildConfiguration;
			buildSettings = {
				ASSETCATALOG_COMPILER_APPICON_NAME = AppIcon;
				ASSETCATALOG_COMPILER_GLOBAL_ACCENT_COLOR_NAME = AccentColor;
				CODE_SIGN_STYLE = Automatic;
				CURRENT_PROJECT_VERSION = 4;
				DEVELOPMENT_ASSET_PATHS = "\"Show Me Cats/Preview Content\"";
				DEVELOPMENT_TEAM = 7HSL2KF3FX;
				ENABLE_PREVIEWS = YES;
				GENERATE_INFOPLIST_FILE = YES;
				INFOPLIST_FILE = "Show-Me-Cats-Info.plist";
				INFOPLIST_KEY_UIApplicationSceneManifest_Generation = YES;
				INFOPLIST_KEY_UIApplicationSupportsIndirectInputEvents = YES;
				INFOPLIST_KEY_UILaunchScreen_Generation = YES;
				INFOPLIST_KEY_UISupportedInterfaceOrientations_iPad = "UIInterfaceOrientationPortrait UIInterfaceOrientationPortraitUpsideDown UIInterfaceOrientationLandscapeLeft UIInterfaceOrientationLandscapeRight";
				INFOPLIST_KEY_UISupportedInterfaceOrientations_iPhone = "UIInterfaceOrientationPortrait UIInterfaceOrientationLandscapeLeft UIInterfaceOrientationLandscapeRight";
				LD_RUNPATH_SEARCH_PATHS = (
					"$(inherited)",
					"@executable_path/Frameworks",
				);
				MARKETING_VERSION = 1.0;
				PRODUCT_BUNDLE_IDENTIFIER = "com.JasonStelzel.Show-Me-Cats";
				PRODUCT_NAME = "$(TARGET_NAME)";
				SWIFT_EMIT_LOC_STRINGS = YES;
				SWIFT_VERSION = 5.0;
				TARGETED_DEVICE_FAMILY = "1,2";
			};
			name = Release;
		};
		EB05F8922943C50A00EDCE8E /* Debug */ = {
			isa = XCBuildConfiguration;
			buildSettings = {
				ALWAYS_EMBED_SWIFT_STANDARD_LIBRARIES = YES;
				BUNDLE_LOADER = "$(TEST_HOST)";
				CODE_SIGN_STYLE = Automatic;
				CURRENT_PROJECT_VERSION = 1;
				DEVELOPMENT_TEAM = 7HSL2KF3FX;
				GENERATE_INFOPLIST_FILE = YES;
				IPHONEOS_DEPLOYMENT_TARGET = 16.1;
				MARKETING_VERSION = 1.0;
				PRODUCT_BUNDLE_IDENTIFIER = "com.JasonStelzel.Show-Me-CatsTests";
				PRODUCT_NAME = "$(TARGET_NAME)";
				SWIFT_EMIT_LOC_STRINGS = NO;
				SWIFT_VERSION = 5.0;
				TARGETED_DEVICE_FAMILY = "1,2";
				TEST_HOST = "$(BUILT_PRODUCTS_DIR)/Show Me Cats.app/$(BUNDLE_EXECUTABLE_FOLDER_PATH)/Show Me Cats";
			};
			name = Debug;
		};
		EB05F8932943C50A00EDCE8E /* Release */ = {
			isa = XCBuildConfiguration;
			buildSettings = {
				ALWAYS_EMBED_SWIFT_STANDARD_LIBRARIES = YES;
				BUNDLE_LOADER = "$(TEST_HOST)";
				CODE_SIGN_STYLE = Automatic;
				CURRENT_PROJECT_VERSION = 1;
				DEVELOPMENT_TEAM = 7HSL2KF3FX;
				GENERATE_INFOPLIST_FILE = YES;
				IPHONEOS_DEPLOYMENT_TARGET = 16.1;
				MARKETING_VERSION = 1.0;
				PRODUCT_BUNDLE_IDENTIFIER = "com.JasonStelzel.Show-Me-CatsTests";
				PRODUCT_NAME = "$(TARGET_NAME)";
				SWIFT_EMIT_LOC_STRINGS = NO;
				SWIFT_VERSION = 5.0;
				TARGETED_DEVICE_FAMILY = "1,2";
				TEST_HOST = "$(BUILT_PRODUCTS_DIR)/Show Me Cats.app/$(BUNDLE_EXECUTABLE_FOLDER_PATH)/Show Me Cats";
			};
			name = Release;
		};
		EB05F8952943C50A00EDCE8E /* Debug */ = {
			isa = XCBuildConfiguration;
			buildSettings = {
				ALWAYS_EMBED_SWIFT_STANDARD_LIBRARIES = YES;
				CODE_SIGN_STYLE = Automatic;
				CURRENT_PROJECT_VERSION = 1;
				DEVELOPMENT_TEAM = 7HSL2KF3FX;
				GENERATE_INFOPLIST_FILE = YES;
				MARKETING_VERSION = 1.0;
				PRODUCT_BUNDLE_IDENTIFIER = "com.JasonStelzel.Show-Me-CatsUITests";
				PRODUCT_NAME = "$(TARGET_NAME)";
				SWIFT_EMIT_LOC_STRINGS = NO;
				SWIFT_VERSION = 5.0;
				TARGETED_DEVICE_FAMILY = "1,2";
				TEST_TARGET_NAME = "Show Me Cats";
			};
			name = Debug;
		};
		EB05F8962943C50A00EDCE8E /* Release */ = {
			isa = XCBuildConfiguration;
			buildSettings = {
				ALWAYS_EMBED_SWIFT_STANDARD_LIBRARIES = YES;
				CODE_SIGN_STYLE = Automatic;
				CURRENT_PROJECT_VERSION = 1;
				DEVELOPMENT_TEAM = 7HSL2KF3FX;
				GENERATE_INFOPLIST_FILE = YES;
				MARKETING_VERSION = 1.0;
				PRODUCT_BUNDLE_IDENTIFIER = "com.JasonStelzel.Show-Me-CatsUITests";
				PRODUCT_NAME = "$(TARGET_NAME)";
				SWIFT_EMIT_LOC_STRINGS = NO;
				SWIFT_VERSION = 5.0;
				TARGETED_DEVICE_FAMILY = "1,2";
				TEST_TARGET_NAME = "Show Me Cats";
			};
			name = Release;
		};
/* End XCBuildConfiguration section */

/* Begin XCConfigurationList section */
		EB05F8652943C50900EDCE8E /* Build configuration list for PBXProject "Show Me Cats" */ = {
			isa = XCConfigurationList;
			buildConfigurations = (
				EB05F88C2943C50A00EDCE8E /* Debug */,
				EB05F88D2943C50A00EDCE8E /* Release */,
			);
			defaultConfigurationIsVisible = 0;
			defaultConfigurationName = Release;
		};
		EB05F88E2943C50A00EDCE8E /* Build configuration list for PBXNativeTarget "Show Me Cats" */ = {
			isa = XCConfigurationList;
			buildConfigurations = (
				EB05F88F2943C50A00EDCE8E /* Debug */,
				EB05F8902943C50A00EDCE8E /* Release */,
			);
			defaultConfigurationIsVisible = 0;
			defaultConfigurationName = Release;
		};
		EB05F8912943C50A00EDCE8E /* Build configuration list for PBXNativeTarget "Show Me CatsTests" */ = {
			isa = XCConfigurationList;
			buildConfigurations = (
				EB05F8922943C50A00EDCE8E /* Debug */,
				EB05F8932943C50A00EDCE8E /* Release */,
			);
			defaultConfigurationIsVisible = 0;
			defaultConfigurationName = Release;
		};
		EB05F8942943C50A00EDCE8E /* Build configuration list for PBXNativeTarget "Show Me CatsUITests" */ = {
			isa = XCConfigurationList;
			buildConfigurations = (
				EB05F8952943C50A00EDCE8E /* Debug */,
				EB05F8962943C50A00EDCE8E /* Release */,
			);
			defaultConfigurationIsVisible = 0;
			defaultConfigurationName = Release;
		};
/* End XCConfigurationList section */
	};
	rootObject = EB05F8622943C50900EDCE8E /* Project object */;
}
