// !$*UTF8*$!
{
	archiveVersion = 1;
	classes = {
	};
	objectVersion = 56;
	objects = {

/* Begin PBXBuildFile section */
		EBD55714293E637600DE7A9A /* Show_Me_CatsApp.swift in Sources */ = {isa = PBXBuildFile; fileRef = EBD55713293E637600DE7A9A /* Show_Me_CatsApp.swift */; };
		EBD55716293E637600DE7A9A /* ContentView.swift in Sources */ = {isa = PBXBuildFile; fileRef = EBD55715293E637600DE7A9A /* ContentView.swift */; };
		EBD55718293E637900DE7A9A /* Assets.xcassets in Resources */ = {isa = PBXBuildFile; fileRef = EBD55717293E637900DE7A9A /* Assets.xcassets */; };
		EBD5571B293E637900DE7A9A /* Preview Assets.xcassets in Resources */ = {isa = PBXBuildFile; fileRef = EBD5571A293E637900DE7A9A /* Preview Assets.xcassets */; };
		EBD55724293E715E00DE7A9A /* CatListView.swift in Sources */ = {isa = PBXBuildFile; fileRef = EBD55723293E715E00DE7A9A /* CatListView.swift */; };
		EBD55728293E89CD00DE7A9A /* URLSessionHTTPClient.swift in Sources */ = {isa = PBXBuildFile; fileRef = EBD55727293E89CD00DE7A9A /* URLSessionHTTPClient.swift */; };
		EBD5572B293E8A3C00DE7A9A /* HTTPClient.swift in Sources */ = {isa = PBXBuildFile; fileRef = EBD5572A293E8A3C00DE7A9A /* HTTPClient.swift */; };
/* End PBXBuildFile section */

/* Begin PBXFileReference section */
		EBD55710293E637500DE7A9A /* Show Me Cats.app */ = {isa = PBXFileReference; explicitFileType = wrapper.application; includeInIndex = 0; path = "Show Me Cats.app"; sourceTree = BUILT_PRODUCTS_DIR; };
		EBD55713293E637600DE7A9A /* Show_Me_CatsApp.swift */ = {isa = PBXFileReference; lastKnownFileType = sourcecode.swift; path = Show_Me_CatsApp.swift; sourceTree = "<group>"; };
		EBD55715293E637600DE7A9A /* ContentView.swift */ = {isa = PBXFileReference; lastKnownFileType = sourcecode.swift; path = ContentView.swift; sourceTree = "<group>"; };
		EBD55717293E637900DE7A9A /* Assets.xcassets */ = {isa = PBXFileReference; lastKnownFileType = folder.assetcatalog; path = Assets.xcassets; sourceTree = "<group>"; };
		EBD5571A293E637900DE7A9A /* Preview Assets.xcassets */ = {isa = PBXFileReference; lastKnownFileType = folder.assetcatalog; path = "Preview Assets.xcassets"; sourceTree = "<group>"; };
		EBD55723293E715E00DE7A9A /* CatListView.swift */ = {isa = PBXFileReference; lastKnownFileType = sourcecode.swift; path = CatListView.swift; sourceTree = "<group>"; };
		EBD55727293E89CD00DE7A9A /* URLSessionHTTPClient.swift */ = {isa = PBXFileReference; lastKnownFileType = sourcecode.swift; path = URLSessionHTTPClient.swift; sourceTree = "<group>"; };
		EBD5572A293E8A3C00DE7A9A /* HTTPClient.swift */ = {isa = PBXFileReference; lastKnownFileType = sourcecode.swift; path = HTTPClient.swift; sourceTree = "<group>"; };
/* End PBXFileReference section */

/* Begin PBXFrameworksBuildPhase section */
		EBD5570D293E637500DE7A9A /* Frameworks */ = {
			isa = PBXFrameworksBuildPhase;
			buildActionMask = 2147483647;
			files = (
			);
			runOnlyForDeploymentPostprocessing = 0;
		};
/* End PBXFrameworksBuildPhase section */

/* Begin PBXGroup section */
		EBD55707293E637500DE7A9A = {
			isa = PBXGroup;
			children = (
				EBD55712293E637500DE7A9A /* Show Me Cats */,
				EBD55711293E637500DE7A9A /* Products */,
			);
			sourceTree = "<group>";
		};
		EBD55711293E637500DE7A9A /* Products */ = {
			isa = PBXGroup;
			children = (
				EBD55710293E637500DE7A9A /* Show Me Cats.app */,
			);
			name = Products;
			sourceTree = "<group>";
		};
		EBD55712293E637500DE7A9A /* Show Me Cats */ = {
			isa = PBXGroup;
			children = (
				EBD55713293E637600DE7A9A /* Show_Me_CatsApp.swift */,
				EBD55715293E637600DE7A9A /* ContentView.swift */,
				EBD55723293E715E00DE7A9A /* CatListView.swift */,
				EBD55717293E637900DE7A9A /* Assets.xcassets */,
				EBD55719293E637900DE7A9A /* Preview Content */,
				EBD55729293E8A1F00DE7A9A /* Networking */,
			);
			path = "Show Me Cats";
			sourceTree = "<group>";
		};
		EBD55719293E637900DE7A9A /* Preview Content */ = {
			isa = PBXGroup;
			children = (
				EBD5571A293E637900DE7A9A /* Preview Assets.xcassets */,
			);
			path = "Preview Content";
			sourceTree = "<group>";
		};
		EBD55729293E8A1F00DE7A9A /* Networking */ = {
			isa = PBXGroup;
			children = (
				EBD5572A293E8A3C00DE7A9A /* HTTPClient.swift */,
				EBD55727293E89CD00DE7A9A /* URLSessionHTTPClient.swift */,
			);
			path = Networking;
			sourceTree = "<group>";
		};
/* End PBXGroup section */

/* Begin PBXNativeTarget section */
		EBD5570F293E637500DE7A9A /* Show Me Cats */ = {
			isa = PBXNativeTarget;
			buildConfigurationList = EBD5571E293E637900DE7A9A /* Build configuration list for PBXNativeTarget "Show Me Cats" */;
			buildPhases = (
				EBD5570C293E637500DE7A9A /* Sources */,
				EBD5570D293E637500DE7A9A /* Frameworks */,
				EBD5570E293E637500DE7A9A /* Resources */,
			);
			buildRules = (
			);
			dependencies = (
			);
			name = "Show Me Cats";
			productName = "Show Me Cats";
			productReference = EBD55710293E637500DE7A9A /* Show Me Cats.app */;
			productType = "com.apple.product-type.application";
		};
/* End PBXNativeTarget section */

/* Begin PBXProject section */
		EBD55708293E637500DE7A9A /* Project object */ = {
			isa = PBXProject;
			attributes = {
				BuildIndependentTargetsInParallel = 1;
				LastSwiftUpdateCheck = 1410;
				LastUpgradeCheck = 1410;
				TargetAttributes = {
					EBD5570F293E637500DE7A9A = {
						CreatedOnToolsVersion = 14.1;
					};
				};
			};
			buildConfigurationList = EBD5570B293E637500DE7A9A /* Build configuration list for PBXProject "Show Me Cats" */;
			compatibilityVersion = "Xcode 14.0";
			developmentRegion = en;
			hasScannedForEncodings = 0;
			knownRegions = (
				en,
				Base,
			);
			mainGroup = EBD55707293E637500DE7A9A;
			productRefGroup = EBD55711293E637500DE7A9A /* Products */;
			projectDirPath = "";
			projectRoot = "";
			targets = (
				EBD5570F293E637500DE7A9A /* Show Me Cats */,
			);
		};
/* End PBXProject section */

/* Begin PBXResourcesBuildPhase section */
		EBD5570E293E637500DE7A9A /* Resources */ = {
			isa = PBXResourcesBuildPhase;
			buildActionMask = 2147483647;
			files = (
				EBD5571B293E637900DE7A9A /* Preview Assets.xcassets in Resources */,
				EBD55718293E637900DE7A9A /* Assets.xcassets in Resources */,
			);
			runOnlyForDeploymentPostprocessing = 0;
		};
/* End PBXResourcesBuildPhase section */

/* Begin PBXSourcesBuildPhase section */
		EBD5570C293E637500DE7A9A /* Sources */ = {
			isa = PBXSourcesBuildPhase;
			buildActionMask = 2147483647;
			files = (
				EBD55728293E89CD00DE7A9A /* URLSessionHTTPClient.swift in Sources */,
				EBD5572B293E8A3C00DE7A9A /* HTTPClient.swift in Sources */,
				EBD55716293E637600DE7A9A /* ContentView.swift in Sources */,
				EBD55724293E715E00DE7A9A /* CatListView.swift in Sources */,
				EBD55714293E637600DE7A9A /* Show_Me_CatsApp.swift in Sources */,
			);
			runOnlyForDeploymentPostprocessing = 0;
		};
/* End PBXSourcesBuildPhase section */

/* Begin XCBuildConfiguration section */
		EBD5571C293E637900DE7A9A /* Debug */ = {
			isa = XCBuildConfiguration;
			buildSettings = {
				ALWAYS_SEARCH_USER_PATHS = NO;
				CLANG_ANALYZER_NONNULL = YES;
				CLANG_ANALYZER_NUMBER_OBJECT_CONVERSION = YES_AGGRESSIVE;
				CLANG_CXX_LANGUAGE_STANDARD = "gnu++20";
				CLANG_ENABLE_MODULES = YES;
				CLANG_ENABLE_OBJC_ARC = YES;
				CLANG_ENABLE_OBJC_WEAK = YES;
				CLANG_WARN_BLOCK_CAPTURE_AUTORELEASING = YES;
				CLANG_WARN_BOOL_CONVERSION = YES;
				CLANG_WARN_COMMA = YES;
				CLANG_WARN_CONSTANT_CONVERSION = YES;
				CLANG_WARN_DEPRECATED_OBJC_IMPLEMENTATIONS = YES;
				CLANG_WARN_DIRECT_OBJC_ISA_USAGE = YES_ERROR;
				CLANG_WARN_DOCUMENTATION_COMMENTS = YES;
				CLANG_WARN_EMPTY_BODY = YES;
				CLANG_WARN_ENUM_CONVERSION = YES;
				CLANG_WARN_INFINITE_RECURSION = YES;
				CLANG_WARN_INT_CONVERSION = YES;
				CLANG_WARN_NON_LITERAL_NULL_CONVERSION = YES;
				CLANG_WARN_OBJC_IMPLICIT_RETAIN_SELF = YES;
				CLANG_WARN_OBJC_LITERAL_CONVERSION = YES;
				CLANG_WARN_OBJC_ROOT_CLASS = YES_ERROR;
				CLANG_WARN_QUOTED_INCLUDE_IN_FRAMEWORK_HEADER = YES;
				CLANG_WARN_RANGE_LOOP_ANALYSIS = YES;
				CLANG_WARN_STRICT_PROTOTYPES = YES;
				CLANG_WARN_SUSPICIOUS_MOVE = YES;
				CLANG_WARN_UNGUARDED_AVAILABILITY = YES_AGGRESSIVE;
				CLANG_WARN_UNREACHABLE_CODE = YES;
				CLANG_WARN__DUPLICATE_METHOD_MATCH = YES;
				COPY_PHASE_STRIP = NO;
				DEBUG_INFORMATION_FORMAT = dwarf;
				ENABLE_STRICT_OBJC_MSGSEND = YES;
				ENABLE_TESTABILITY = YES;
				GCC_C_LANGUAGE_STANDARD = gnu11;
				GCC_DYNAMIC_NO_PIC = NO;
				GCC_NO_COMMON_BLOCKS = YES;
				GCC_OPTIMIZATION_LEVEL = 0;
				GCC_PREPROCESSOR_DEFINITIONS = (
					"DEBUG=1",
					"$(inherited)",
				);
				GCC_WARN_64_TO_32_BIT_CONVERSION = YES;
				GCC_WARN_ABOUT_RETURN_TYPE = YES_ERROR;
				GCC_WARN_UNDECLARED_SELECTOR = YES;
				GCC_WARN_UNINITIALIZED_AUTOS = YES_AGGRESSIVE;
				GCC_WARN_UNUSED_FUNCTION = YES;
				GCC_WARN_UNUSED_VARIABLE = YES;
				IPHONEOS_DEPLOYMENT_TARGET = 16.1;
				MTL_ENABLE_DEBUG_INFO = INCLUDE_SOURCE;
				MTL_FAST_MATH = YES;
				ONLY_ACTIVE_ARCH = YES;
				SDKROOT = iphoneos;
				SWIFT_ACTIVE_COMPILATION_CONDITIONS = DEBUG;
				SWIFT_OPTIMIZATION_LEVEL = "-Onone";
			};
			name = Debug;
		};
		EBD5571D293E637900DE7A9A /* Release */ = {
			isa = XCBuildConfiguration;
			buildSettings = {
				ALWAYS_SEARCH_USER_PATHS = NO;
				CLANG_ANALYZER_NONNULL = YES;
				CLANG_ANALYZER_NUMBER_OBJECT_CONVERSION = YES_AGGRESSIVE;
				CLANG_CXX_LANGUAGE_STANDARD = "gnu++20";
				CLANG_ENABLE_MODULES = YES;
				CLANG_ENABLE_OBJC_ARC = YES;
				CLANG_ENABLE_OBJC_WEAK = YES;
				CLANG_WARN_BLOCK_CAPTURE_AUTORELEASING = YES;
				CLANG_WARN_BOOL_CONVERSION = YES;
				CLANG_WARN_COMMA = YES;
				CLANG_WARN_CONSTANT_CONVERSION = YES;
				CLANG_WARN_DEPRECATED_OBJC_IMPLEMENTATIONS = YES;
				CLANG_WARN_DIRECT_OBJC_ISA_USAGE = YES_ERROR;
				CLANG_WARN_DOCUMENTATION_COMMENTS = YES;
				CLANG_WARN_EMPTY_BODY = YES;
				CLANG_WARN_ENUM_CONVERSION = YES;
				CLANG_WARN_INFINITE_RECURSION = YES;
				CLANG_WARN_INT_CONVERSION = YES;
				CLANG_WARN_NON_LITERAL_NULL_CONVERSION = YES;
				CLANG_WARN_OBJC_IMPLICIT_RETAIN_SELF = YES;
				CLANG_WARN_OBJC_LITERAL_CONVERSION = YES;
				CLANG_WARN_OBJC_ROOT_CLASS = YES_ERROR;
				CLANG_WARN_QUOTED_INCLUDE_IN_FRAMEWORK_HEADER = YES;
				CLANG_WARN_RANGE_LOOP_ANALYSIS = YES;
				CLANG_WARN_STRICT_PROTOTYPES = YES;
				CLANG_WARN_SUSPICIOUS_MOVE = YES;
				CLANG_WARN_UNGUARDED_AVAILABILITY = YES_AGGRESSIVE;
				CLANG_WARN_UNREACHABLE_CODE = YES;
				CLANG_WARN__DUPLICATE_METHOD_MATCH = YES;
				COPY_PHASE_STRIP = NO;
				DEBUG_INFORMATION_FORMAT = "dwarf-with-dsym";
				ENABLE_NS_ASSERTIONS = NO;
				ENABLE_STRICT_OBJC_MSGSEND = YES;
				GCC_C_LANGUAGE_STANDARD = gnu11;
				GCC_NO_COMMON_BLOCKS = YES;
				GCC_WARN_64_TO_32_BIT_CONVERSION = YES;
				GCC_WARN_ABOUT_RETURN_TYPE = YES_ERROR;
				GCC_WARN_UNDECLARED_SELECTOR = YES;
				GCC_WARN_UNINITIALIZED_AUTOS = YES_AGGRESSIVE;
				GCC_WARN_UNUSED_FUNCTION = YES;
				GCC_WARN_UNUSED_VARIABLE = YES;
				IPHONEOS_DEPLOYMENT_TARGET = 16.1;
				MTL_ENABLE_DEBUG_INFO = NO;
				MTL_FAST_MATH = YES;
				SDKROOT = iphoneos;
				SWIFT_COMPILATION_MODE = wholemodule;
				SWIFT_OPTIMIZATION_LEVEL = "-O";
				VALIDATE_PRODUCT = YES;
			};
			name = Release;
		};
		EBD5571F293E637900DE7A9A /* Debug */ = {
			isa = XCBuildConfiguration;
			buildSettings = {
				ASSETCATALOG_COMPILER_APPICON_NAME = AppIcon;
				ASSETCATALOG_COMPILER_GLOBAL_ACCENT_COLOR_NAME = AccentColor;
				CODE_SIGN_STYLE = Automatic;
				CURRENT_PROJECT_VERSION = 2;
				DEVELOPMENT_ASSET_PATHS = "\"Show Me Cats/Preview Content\"";
				DEVELOPMENT_TEAM = 7HSL2KF3FX;
				ENABLE_PREVIEWS = YES;
				GENERATE_INFOPLIST_FILE = YES;
				INFOPLIST_KEY_UIApplicationSceneManifest_Generation = YES;
				INFOPLIST_KEY_UIApplicationSupportsIndirectInputEvents = YES;
				INFOPLIST_KEY_UILaunchScreen_Generation = YES;
				INFOPLIST_KEY_UIRequiresFullScreen = YES;
				INFOPLIST_KEY_UISupportedInterfaceOrientations_iPad = "UIInterfaceOrientationPortrait UIInterfaceOrientationPortraitUpsideDown UIInterfaceOrientationLandscapeLeft UIInterfaceOrientationLandscapeRight";
				INFOPLIST_KEY_UISupportedInterfaceOrientations_iPhone = "UIInterfaceOrientationPortrait UIInterfaceOrientationLandscapeLeft UIInterfaceOrientationLandscapeRight";
				LD_RUNPATH_SEARCH_PATHS = (
					"$(inherited)",
					"@executable_path/Frameworks",
				);
				MARKETING_VERSION = 1.0;
				PRODUCT_BUNDLE_IDENTIFIER = "com.JasonStelzel.Show-Me-Cats";
				PRODUCT_NAME = "$(TARGET_NAME)";
				SWIFT_EMIT_LOC_STRINGS = YES;
				SWIFT_VERSION = 5.0;
				TARGETED_DEVICE_FAMILY = "1,2";
			};
			name = Debug;
		};
		EBD55720293E637900DE7A9A /* Release */ = {
			isa = XCBuildConfiguration;
			buildSettings = {
				ASSETCATALOG_COMPILER_APPICON_NAME = AppIcon;
				ASSETCATALOG_COMPILER_GLOBAL_ACCENT_COLOR_NAME = AccentColor;
				CODE_SIGN_STYLE = Automatic;
				CURRENT_PROJECT_VERSION = 2;
				DEVELOPMENT_ASSET_PATHS = "\"Show Me Cats/Preview Content\"";
				DEVELOPMENT_TEAM = 7HSL2KF3FX;
				ENABLE_PREVIEWS = YES;
				GENERATE_INFOPLIST_FILE = YES;
				INFOPLIST_KEY_UIApplicationSceneManifest_Generation = YES;
				INFOPLIST_KEY_UIApplicationSupportsIndirectInputEvents = YES;
				INFOPLIST_KEY_UILaunchScreen_Generation = YES;
				INFOPLIST_KEY_UIRequiresFullScreen = YES;
				INFOPLIST_KEY_UISupportedInterfaceOrientations_iPad = "UIInterfaceOrientationPortrait UIInterfaceOrientationPortraitUpsideDown UIInterfaceOrientationLandscapeLeft UIInterfaceOrientationLandscapeRight";
				INFOPLIST_KEY_UISupportedInterfaceOrientations_iPhone = "UIInterfaceOrientationPortrait UIInterfaceOrientationLandscapeLeft UIInterfaceOrientationLandscapeRight";
				LD_RUNPATH_SEARCH_PATHS = (
					"$(inherited)",
					"@executable_path/Frameworks",
				);
				MARKETING_VERSION = 1.0;
				PRODUCT_BUNDLE_IDENTIFIER = "com.JasonStelzel.Show-Me-Cats";
				PRODUCT_NAME = "$(TARGET_NAME)";
				SWIFT_EMIT_LOC_STRINGS = YES;
				SWIFT_VERSION = 5.0;
				TARGETED_DEVICE_FAMILY = "1,2";
			};
			name = Release;
		};
/* End XCBuildConfiguration section */

/* Begin XCConfigurationList section */
		EBD5570B293E637500DE7A9A /* Build configuration list for PBXProject "Show Me Cats" */ = {
			isa = XCConfigurationList;
			buildConfigurations = (
				EBD5571C293E637900DE7A9A /* Debug */,
				EBD5571D293E637900DE7A9A /* Release */,
			);
			defaultConfigurationIsVisible = 0;
			defaultConfigurationName = Release;
		};
		EBD5571E293E637900DE7A9A /* Build configuration list for PBXNativeTarget "Show Me Cats" */ = {
			isa = XCConfigurationList;
			buildConfigurations = (
				EBD5571F293E637900DE7A9A /* Debug */,
				EBD55720293E637900DE7A9A /* Release */,
			);
			defaultConfigurationIsVisible = 0;
			defaultConfigurationName = Release;
		};
/* End XCConfigurationList section */
	};
	rootObject = EBD55708293E637500DE7A9A /* Project object */;
}
